
Microsoft Visual Studio Solution File, Format Version 12.00
# Visual Studio Version 16
VisualStudioVersion = 16.0.31005.135
MinimumVisualStudioVersion = 10.0.40219.1
Project("{FAE04EC0-301F-11D3-BF4B-00C04F79EFBC}") = "AbstractExercise", "AbstractExercise\AbstractExercise.csproj", "{5A0F9EC5-3D70-4BE9-BD54-AD2DFF34E771}"
EndProject
Global
	GlobalSection(SolutionConfigurationPlatforms) = preSolution
		Debug|Any CPU = Debug|Any CPU
		Release|Any CPU = Release|Any CPU
	EndGlobalSection
	GlobalSection(ProjectConfigurationPlatforms) = postSolution
		{5A0F9EC5-3D70-4BE9-BD54-AD2DFF34E771}.Debug|Any CPU.ActiveCfg = Debug|Any CPU
		{5A0F9EC5-3D70-4BE9-BD54-AD2DFF34E771}.Debug|Any CPU.Build.0 = Debug|Any CPU
		{5A0F9EC5-3D70-4BE9-BD54-AD2DFF34E771}.Release|Any CPU.ActiveCfg = Release|Any CPU
		{5A0F9EC5-3D70-4BE9-BD54-AD2DFF34E771}.Release|Any CPU.Build.0 = Release|Any CPU
	EndGlobalSection
	GlobalSection(SolutionProperties) = preSolution
		HideSolutionNode = FALSE
	EndGlobalSection
	GlobalSection(ExtensibilityGlobals) = postSolution
		SolutionGuid = {3B4D2182-9149-41F7-BFFA-7E86ED2A0DBD}
	EndGlobalSection
EndGlobal
